
Microsoft Visual Studio Solution File, Format Version 12.00
# Visual Studio 14
VisualStudioVersion = 14.0.25123.0
MinimumVisualStudioVersion = 10.0.40219.1
Project("{FAE04EC0-301F-11D3-BF4B-00C04F79EFBC}") = "Toastr", "Toastr\Toastr.csproj", "{BEA1670F-1BD6-4DA5-9BA3-14E2130D894B}"
EndProject
Global
	GlobalSection(SolutionConfigurationPlatforms) = preSolution
		Debug|Any CPU = Debug|Any CPU
		Release|Any CPU = Release|Any CPU
	EndGlobalSection
	GlobalSection(ProjectConfigurationPlatforms) = postSolution
		{BEA1670F-1BD6-4DA5-9BA3-14E2130D894B}.Debug|Any CPU.ActiveCfg = Debug|Any CPU
		{BEA1670F-1BD6-4DA5-9BA3-14E2130D894B}.Debug|Any CPU.Build.0 = Debug|Any CPU
		{BEA1670F-1BD6-4DA5-9BA3-14E2130D894B}.Release|Any CPU.ActiveCfg = Release|Any CPU
		{BEA1670F-1BD6-4DA5-9BA3-14E2130D894B}.Release|Any CPU.Build.0 = Release|Any CPU
	EndGlobalSection
	GlobalSection(SolutionProperties) = preSolution
		HideSolutionNode = FALSE
	EndGlobalSection
EndGlobal
